
Microsoft Visual Studio Solution File, Format Version 12.00
# Visual Studio Version 17
VisualStudioVersion = 17.12.35527.113
MinimumVisualStudioVersion = 10.0.40219.1
Project("{FAE04EC0-301F-11D3-BF4B-00C04F79EFBC}") = "GM_Buddy.Server", "GM_Buddy.Server\GM_Buddy.Server.csproj", "{6A679473-74F4-4D4A-A82F-29EDDE37D28D}"
EndProject
Project("{54A90642-561A-4BB1-A94E-469ADEE60C69}") = "gm_buddy.client", "gm_buddy.client\gm_buddy.client.esproj", "{2086E110-266F-4621-9598-9428B4D4B482}"
EndProject
Project("{FAE04EC0-301F-11D3-BF4B-00C04F79EFBC}") = "Contracts", "Contracts\Contracts.csproj", "{4A8D6F5D-35B4-446F-881D-EF0574EF5C50}"
EndProject
Global
	GlobalSection(SolutionConfigurationPlatforms) = preSolution
		Debug|Any CPU = Debug|Any CPU
		Release|Any CPU = Release|Any CPU
	EndGlobalSection
	GlobalSection(ProjectConfigurationPlatforms) = postSolution
		{6A679473-74F4-4D4A-A82F-29EDDE37D28D}.Debug|Any CPU.ActiveCfg = Debug|Any CPU
		{6A679473-74F4-4D4A-A82F-29EDDE37D28D}.Debug|Any CPU.Build.0 = Debug|Any CPU
		{6A679473-74F4-4D4A-A82F-29EDDE37D28D}.Release|Any CPU.ActiveCfg = Release|Any CPU
		{6A679473-74F4-4D4A-A82F-29EDDE37D28D}.Release|Any CPU.Build.0 = Release|Any CPU
		{2086E110-266F-4621-9598-9428B4D4B482}.Debug|Any CPU.ActiveCfg = Debug|Any CPU
		{2086E110-266F-4621-9598-9428B4D4B482}.Debug|Any CPU.Build.0 = Debug|Any CPU
		{2086E110-266F-4621-9598-9428B4D4B482}.Debug|Any CPU.Deploy.0 = Debug|Any CPU
		{2086E110-266F-4621-9598-9428B4D4B482}.Release|Any CPU.ActiveCfg = Release|Any CPU
		{2086E110-266F-4621-9598-9428B4D4B482}.Release|Any CPU.Build.0 = Release|Any CPU
		{2086E110-266F-4621-9598-9428B4D4B482}.Release|Any CPU.Deploy.0 = Release|Any CPU
		{4A8D6F5D-35B4-446F-881D-EF0574EF5C50}.Debug|Any CPU.ActiveCfg = Debug|Any CPU
		{4A8D6F5D-35B4-446F-881D-EF0574EF5C50}.Debug|Any CPU.Build.0 = Debug|Any CPU
		{4A8D6F5D-35B4-446F-881D-EF0574EF5C50}.Release|Any CPU.ActiveCfg = Release|Any CPU
		{4A8D6F5D-35B4-446F-881D-EF0574EF5C50}.Release|Any CPU.Build.0 = Release|Any CPU
	EndGlobalSection
	GlobalSection(SolutionProperties) = preSolution
		HideSolutionNode = FALSE
	EndGlobalSection
EndGlobal
